// !$*UTF8*$!
{
	archiveVersion = 1;
	classes = {
	};
	objectVersion = 46;
	objects = {

/* Begin PBXAggregateTarget section */
		B69AE84115C0DD03006FB090 /* MidDoc */ = {
			isa = PBXAggregateTarget;
			buildConfigurationList = B69AE84415C0DD03006FB090 /* Build configuration list for PBXAggregateTarget "MidDoc" */;
			buildPhases = (
				B69AE84615C0DD17006FB090 /* ShellScript */,
			);
			dependencies = (
			);
			name = MidDoc;
			productName = MidDoc;
		};
/* End PBXAggregateTarget section */

/* Begin PBXBuildFile section */
		B639B90915AEA6A700B1BAC7 /* SyncTaskDescription.m in Sources */ = {isa = PBXBuildFile; fileRef = B639B90615AEA6A700B1BAC7 /* SyncTaskDescription.m */; };
		B68E650815CF57C0001B4138 /* GTMBase64.m in Sources */ = {isa = PBXBuildFile; fileRef = B68E650715CF57C0001B4138 /* GTMBase64.m */; };
		B696EB6B15B50124009C7D8E /* SyncSeekOrigin.m in Sources */ = {isa = PBXBuildFile; fileRef = B696EB6A15B50124009C7D8E /* SyncSeekOrigin.m */; };
		B696EB6E15B50281009C7D8E /* SyncStream.m in Sources */ = {isa = PBXBuildFile; fileRef = B696EB6D15B50281009C7D8E /* SyncStream.m */; };
		B696EB7115B50DF7009C7D8E /* SyncFile.m in Sources */ = {isa = PBXBuildFile; fileRef = B696EB7015B50DF7009C7D8E /* SyncFile.m */; };
		B6BB23A715B8F39E002F560D /* UpdateScheduler.m in Sources */ = {isa = PBXBuildFile; fileRef = B6BB23A615B8F39E002F560D /* UpdateScheduler.m */; };
		B6BB23AB15B8F3E7002F560D /* Toolkit.m in Sources */ = {isa = PBXBuildFile; fileRef = B6BB23AA15B8F3E7002F560D /* Toolkit.m */; };
		B6BB23AE15B8FAA3002F560D /* SyncFileKit.m in Sources */ = {isa = PBXBuildFile; fileRef = B6BB23AD15B8FAA3002F560D /* SyncFileKit.m */; };
		B6BB245615B949F7002F560D /* NSObject+SBJson.m in Sources */ = {isa = PBXBuildFile; fileRef = B6BB243E15B949F7002F560D /* NSObject+SBJson.m */; };
		B6BB245715B949F7002F560D /* SBJsonParser.m in Sources */ = {isa = PBXBuildFile; fileRef = B6BB244115B949F7002F560D /* SBJsonParser.m */; };
		B6BB245815B949F7002F560D /* SBJsonStreamParser.m in Sources */ = {isa = PBXBuildFile; fileRef = B6BB244315B949F7002F560D /* SBJsonStreamParser.m */; };
		B6BB245915B949F7002F560D /* SBJsonStreamParserAccumulator.m in Sources */ = {isa = PBXBuildFile; fileRef = B6BB244515B949F7002F560D /* SBJsonStreamParserAccumulator.m */; };
		B6BB245A15B949F7002F560D /* SBJsonStreamParserAdapter.m in Sources */ = {isa = PBXBuildFile; fileRef = B6BB244715B949F7002F560D /* SBJsonStreamParserAdapter.m */; };
		B6BB245B15B949F7002F560D /* SBJsonStreamParserState.m in Sources */ = {isa = PBXBuildFile; fileRef = B6BB244915B949F7002F560D /* SBJsonStreamParserState.m */; };
		B6BB245C15B949F7002F560D /* SBJsonStreamWriter.m in Sources */ = {isa = PBXBuildFile; fileRef = B6BB244B15B949F7002F560D /* SBJsonStreamWriter.m */; };
		B6BB245D15B949F7002F560D /* SBJsonStreamWriterAccumulator.m in Sources */ = {isa = PBXBuildFile; fileRef = B6BB244D15B949F7002F560D /* SBJsonStreamWriterAccumulator.m */; };
		B6BB245E15B949F7002F560D /* SBJsonStreamWriterState.m in Sources */ = {isa = PBXBuildFile; fileRef = B6BB244F15B949F7002F560D /* SBJsonStreamWriterState.m */; };
		B6BB245F15B949F7002F560D /* SBJsonTokeniser.m in Sources */ = {isa = PBXBuildFile; fileRef = B6BB245115B949F7002F560D /* SBJsonTokeniser.m */; };
		B6BB246015B949F7002F560D /* SBJsonUTF8Stream.m in Sources */ = {isa = PBXBuildFile; fileRef = B6BB245315B949F7002F560D /* SBJsonUTF8Stream.m */; };
		B6BB246115B949F7002F560D /* SBJsonWriter.m in Sources */ = {isa = PBXBuildFile; fileRef = B6BB245515B949F7002F560D /* SBJsonWriter.m */; };
		B6DDF08F15AD4F2A00898103 /* UIKit.framework in Frameworks */ = {isa = PBXBuildFile; fileRef = B6DDF08E15AD4F2A00898103 /* UIKit.framework */; };
		B6DDF09115AD4F2A00898103 /* Foundation.framework in Frameworks */ = {isa = PBXBuildFile; fileRef = B6DDF09015AD4F2A00898103 /* Foundation.framework */; };
		B6DDF09315AD4F2A00898103 /* CoreGraphics.framework in Frameworks */ = {isa = PBXBuildFile; fileRef = B6DDF09215AD4F2A00898103 /* CoreGraphics.framework */; };
		B6DDF09915AD4F2A00898103 /* InfoPlist.strings in Resources */ = {isa = PBXBuildFile; fileRef = B6DDF09715AD4F2A00898103 /* InfoPlist.strings */; };
		B6DDF09B15AD4F2A00898103 /* main.m in Sources */ = {isa = PBXBuildFile; fileRef = B6DDF09A15AD4F2A00898103 /* main.m */; };
		B6DDF09F15AD4F2A00898103 /* AppDelegate.m in Sources */ = {isa = PBXBuildFile; fileRef = B6DDF09E15AD4F2A00898103 /* AppDelegate.m */; };
		B6DDF0A215AD4F2A00898103 /* MainStoryboard.storyboard in Resources */ = {isa = PBXBuildFile; fileRef = B6DDF0A015AD4F2A00898103 /* MainStoryboard.storyboard */; };
		B6DDF0A515AD4F2A00898103 /* ViewController.m in Sources */ = {isa = PBXBuildFile; fileRef = B6DDF0A415AD4F2A00898103 /* ViewController.m */; };
		B6E077C415AEB9DB00A3E45A /* SyncTaskDescriptionList.m in Sources */ = {isa = PBXBuildFile; fileRef = B6E077C315AEB9DB00A3E45A /* SyncTaskDescriptionList.m */; };
		B6F8490915B652D0000D425E /* ClientSyncController.m in Sources */ = {isa = PBXBuildFile; fileRef = B6F8490015B652D0000D425E /* ClientSyncController.m */; };
		B6F8490A15B652D0000D425E /* DownwardDataTransmitter.m in Sources */ = {isa = PBXBuildFile; fileRef = B6F8490215B652D0000D425E /* DownwardDataTransmitter.m */; };
		B6F8490B15B652D0000D425E /* StateController.m in Sources */ = {isa = PBXBuildFile; fileRef = B6F8490415B652D0000D425E /* StateController.m */; };
		B6F8490C15B652D0000D425E /* TaskManager.m in Sources */ = {isa = PBXBuildFile; fileRef = B6F8490615B652D0000D425E /* TaskManager.m */; };
		B6F8490D15B652D0000D425E /* UpwardDataTransmitter.m in Sources */ = {isa = PBXBuildFile; fileRef = B6F8490815B652D0000D425E /* UpwardDataTransmitter.m */; };
/* End PBXBuildFile section */

/* Begin PBXFileReference section */
		B639B90515AEA6A700B1BAC7 /* SyncTaskDescription.h */ = {isa = PBXFileReference; fileEncoding = 4; lastKnownFileType = sourcecode.c.h; name = SyncTaskDescription.h; path = Middleware/BasicDataType/SyncTaskDescription.h; sourceTree = "<group>"; };
		B639B90615AEA6A700B1BAC7 /* SyncTaskDescription.m */ = {isa = PBXFileReference; fileEncoding = 4; lastKnownFileType = sourcecode.c.objc; name = SyncTaskDescription.m; path = Middleware/BasicDataType/SyncTaskDescription.m; sourceTree = "<group>"; };
		B68E650515CF5764001B4138 /* GTMDefines.h */ = {isa = PBXFileReference; fileEncoding = 4; lastKnownFileType = sourcecode.c.h; name = GTMDefines.h; path = Middleware/GTMBase64/GTMDefines.h; sourceTree = "<group>"; };
		B68E650615CF57A1001B4138 /* GTMBase64.h */ = {isa = PBXFileReference; fileEncoding = 4; lastKnownFileType = sourcecode.c.h; name = GTMBase64.h; path = Middleware/GTMBase64/GTMBase64.h; sourceTree = "<group>"; };
		B68E650715CF57C0001B4138 /* GTMBase64.m */ = {isa = PBXFileReference; fileEncoding = 4; lastKnownFileType = sourcecode.c.objc; name = GTMBase64.m; path = Middleware/GTMBase64/GTMBase64.m; sourceTree = "<group>"; };
		B696EB6915B50124009C7D8E /* SyncSeekOrigin.h */ = {isa = PBXFileReference; fileEncoding = 4; lastKnownFileType = sourcecode.c.h; name = SyncSeekOrigin.h; path = Middleware/BasicDataType/SyncSeekOrigin.h; sourceTree = "<group>"; };
		B696EB6A15B50124009C7D8E /* SyncSeekOrigin.m */ = {isa = PBXFileReference; fileEncoding = 4; lastKnownFileType = sourcecode.c.objc; name = SyncSeekOrigin.m; path = Middleware/BasicDataType/SyncSeekOrigin.m; sourceTree = "<group>"; };
		B696EB6C15B50281009C7D8E /* SyncStream.h */ = {isa = PBXFileReference; fileEncoding = 4; lastKnownFileType = sourcecode.c.h; name = SyncStream.h; path = Middleware/BasicDataType/SyncStream.h; sourceTree = "<group>"; };
		B696EB6D15B50281009C7D8E /* SyncStream.m */ = {isa = PBXFileReference; fileEncoding = 4; lastKnownFileType = sourcecode.c.objc; name = SyncStream.m; path = Middleware/BasicDataType/SyncStream.m; sourceTree = "<group>"; };
		B696EB6F15B50DF6009C7D8E /* SyncFile.h */ = {isa = PBXFileReference; fileEncoding = 4; lastKnownFileType = sourcecode.c.h; name = SyncFile.h; path = Middleware/BasicDataType/SyncFile.h; sourceTree = "<group>"; };
		B696EB7015B50DF7009C7D8E /* SyncFile.m */ = {isa = PBXFileReference; fileEncoding = 4; lastKnownFileType = sourcecode.c.objc; name = SyncFile.m; path = Middleware/BasicDataType/SyncFile.m; sourceTree = "<group>"; };
		B6BB23A515B8F39E002F560D /* UpdateScheduler.h */ = {isa = PBXFileReference; fileEncoding = 4; lastKnownFileType = sourcecode.c.h; name = UpdateScheduler.h; path = Middleware/UpdateScheduler.h; sourceTree = "<group>"; };
		B6BB23A615B8F39E002F560D /* UpdateScheduler.m */ = {isa = PBXFileReference; fileEncoding = 4; lastKnownFileType = sourcecode.c.objc; name = UpdateScheduler.m; path = Middleware/UpdateScheduler.m; sourceTree = "<group>"; };
		B6BB23A915B8F3E7002F560D /* Toolkit.h */ = {isa = PBXFileReference; fileEncoding = 4; lastKnownFileType = sourcecode.c.h; name = Toolkit.h; path = Middleware/Toolkit/Toolkit.h; sourceTree = "<group>"; };
		B6BB23AA15B8F3E7002F560D /* Toolkit.m */ = {isa = PBXFileReference; fileEncoding = 4; lastKnownFileType = sourcecode.c.objc; name = Toolkit.m; path = Middleware/Toolkit/Toolkit.m; sourceTree = "<group>"; };
		B6BB23AC15B8FAA3002F560D /* SyncFileKit.h */ = {isa = PBXFileReference; fileEncoding = 4; lastKnownFileType = sourcecode.c.h; name = SyncFileKit.h; path = Middleware/Toolkit/SyncFileKit.h; sourceTree = "<group>"; };
		B6BB23AD15B8FAA3002F560D /* SyncFileKit.m */ = {isa = PBXFileReference; fileEncoding = 4; lastKnownFileType = sourcecode.c.objc; name = SyncFileKit.m; path = Middleware/Toolkit/SyncFileKit.m; sourceTree = "<group>"; };
		B6BB243D15B949F7002F560D /* NSObject+SBJson.h */ = {isa = PBXFileReference; fileEncoding = 4; lastKnownFileType = sourcecode.c.h; path = "NSObject+SBJson.h"; sourceTree = "<group>"; };
		B6BB243E15B949F7002F560D /* NSObject+SBJson.m */ = {isa = PBXFileReference; fileEncoding = 4; lastKnownFileType = sourcecode.c.objc; path = "NSObject+SBJson.m"; sourceTree = "<group>"; };
		B6BB243F15B949F7002F560D /* SBJson.h */ = {isa = PBXFileReference; fileEncoding = 4; lastKnownFileType = sourcecode.c.h; path = SBJson.h; sourceTree = "<group>"; };
		B6BB244015B949F7002F560D /* SBJsonParser.h */ = {isa = PBXFileReference; fileEncoding = 4; lastKnownFileType = sourcecode.c.h; path = SBJsonParser.h; sourceTree = "<group>"; };
		B6BB244115B949F7002F560D /* SBJsonParser.m */ = {isa = PBXFileReference; fileEncoding = 4; lastKnownFileType = sourcecode.c.objc; path = SBJsonParser.m; sourceTree = "<group>"; };
		B6BB244215B949F7002F560D /* SBJsonStreamParser.h */ = {isa = PBXFileReference; fileEncoding = 4; lastKnownFileType = sourcecode.c.h; path = SBJsonStreamParser.h; sourceTree = "<group>"; };
		B6BB244315B949F7002F560D /* SBJsonStreamParser.m */ = {isa = PBXFileReference; fileEncoding = 4; lastKnownFileType = sourcecode.c.objc; path = SBJsonStreamParser.m; sourceTree = "<group>"; };
		B6BB244415B949F7002F560D /* SBJsonStreamParserAccumulator.h */ = {isa = PBXFileReference; fileEncoding = 4; lastKnownFileType = sourcecode.c.h; path = SBJsonStreamParserAccumulator.h; sourceTree = "<group>"; };
		B6BB244515B949F7002F560D /* SBJsonStreamParserAccumulator.m */ = {isa = PBXFileReference; fileEncoding = 4; lastKnownFileType = sourcecode.c.objc; path = SBJsonStreamParserAccumulator.m; sourceTree = "<group>"; };
		B6BB244615B949F7002F560D /* SBJsonStreamParserAdapter.h */ = {isa = PBXFileReference; fileEncoding = 4; lastKnownFileType = sourcecode.c.h; path = SBJsonStreamParserAdapter.h; sourceTree = "<group>"; };
		B6BB244715B949F7002F560D /* SBJsonStreamParserAdapter.m */ = {isa = PBXFileReference; fileEncoding = 4; lastKnownFileType = sourcecode.c.objc; path = SBJsonStreamParserAdapter.m; sourceTree = "<group>"; };
		B6BB244815B949F7002F560D /* SBJsonStreamParserState.h */ = {isa = PBXFileReference; fileEncoding = 4; lastKnownFileType = sourcecode.c.h; path = SBJsonStreamParserState.h; sourceTree = "<group>"; };
		B6BB244915B949F7002F560D /* SBJsonStreamParserState.m */ = {isa = PBXFileReference; fileEncoding = 4; lastKnownFileType = sourcecode.c.objc; path = SBJsonStreamParserState.m; sourceTree = "<group>"; };
		B6BB244A15B949F7002F560D /* SBJsonStreamWriter.h */ = {isa = PBXFileReference; fileEncoding = 4; lastKnownFileType = sourcecode.c.h; path = SBJsonStreamWriter.h; sourceTree = "<group>"; };
		B6BB244B15B949F7002F560D /* SBJsonStreamWriter.m */ = {isa = PBXFileReference; fileEncoding = 4; lastKnownFileType = sourcecode.c.objc; path = SBJsonStreamWriter.m; sourceTree = "<group>"; };
		B6BB244C15B949F7002F560D /* SBJsonStreamWriterAccumulator.h */ = {isa = PBXFileReference; fileEncoding = 4; lastKnownFileType = sourcecode.c.h; path = SBJsonStreamWriterAccumulator.h; sourceTree = "<group>"; };
		B6BB244D15B949F7002F560D /* SBJsonStreamWriterAccumulator.m */ = {isa = PBXFileReference; fileEncoding = 4; lastKnownFileType = sourcecode.c.objc; path = SBJsonStreamWriterAccumulator.m; sourceTree = "<group>"; };
		B6BB244E15B949F7002F560D /* SBJsonStreamWriterState.h */ = {isa = PBXFileReference; fileEncoding = 4; lastKnownFileType = sourcecode.c.h; path = SBJsonStreamWriterState.h; sourceTree = "<group>"; };
		B6BB244F15B949F7002F560D /* SBJsonStreamWriterState.m */ = {isa = PBXFileReference; fileEncoding = 4; lastKnownFileType = sourcecode.c.objc; path = SBJsonStreamWriterState.m; sourceTree = "<group>"; };
		B6BB245015B949F7002F560D /* SBJsonTokeniser.h */ = {isa = PBXFileReference; fileEncoding = 4; lastKnownFileType = sourcecode.c.h; path = SBJsonTokeniser.h; sourceTree = "<group>"; };
		B6BB245115B949F7002F560D /* SBJsonTokeniser.m */ = {isa = PBXFileReference; fileEncoding = 4; lastKnownFileType = sourcecode.c.objc; path = SBJsonTokeniser.m; sourceTree = "<group>"; };
		B6BB245215B949F7002F560D /* SBJsonUTF8Stream.h */ = {isa = PBXFileReference; fileEncoding = 4; lastKnownFileType = sourcecode.c.h; path = SBJsonUTF8Stream.h; sourceTree = "<group>"; };
		B6BB245315B949F7002F560D /* SBJsonUTF8Stream.m */ = {isa = PBXFileReference; fileEncoding = 4; lastKnownFileType = sourcecode.c.objc; path = SBJsonUTF8Stream.m; sourceTree = "<group>"; };
		B6BB245415B949F7002F560D /* SBJsonWriter.h */ = {isa = PBXFileReference; fileEncoding = 4; lastKnownFileType = sourcecode.c.h; path = SBJsonWriter.h; sourceTree = "<group>"; };
		B6BB245515B949F7002F560D /* SBJsonWriter.m */ = {isa = PBXFileReference; fileEncoding = 4; lastKnownFileType = sourcecode.c.objc; path = SBJsonWriter.m; sourceTree = "<group>"; };
		B6DDF08A15AD4F2A00898103 /* MidTest.app */ = {isa = PBXFileReference; explicitFileType = wrapper.application; includeInIndex = 0; path = MidTest.app; sourceTree = BUILT_PRODUCTS_DIR; };
		B6DDF08E15AD4F2A00898103 /* UIKit.framework */ = {isa = PBXFileReference; lastKnownFileType = wrapper.framework; name = UIKit.framework; path = System/Library/Frameworks/UIKit.framework; sourceTree = SDKROOT; };
		B6DDF09015AD4F2A00898103 /* Foundation.framework */ = {isa = PBXFileReference; lastKnownFileType = wrapper.framework; name = Foundation.framework; path = System/Library/Frameworks/Foundation.framework; sourceTree = SDKROOT; };
		B6DDF09215AD4F2A00898103 /* CoreGraphics.framework */ = {isa = PBXFileReference; lastKnownFileType = wrapper.framework; name = CoreGraphics.framework; path = System/Library/Frameworks/CoreGraphics.framework; sourceTree = SDKROOT; };
		B6DDF09615AD4F2A00898103 /* MidTest-Info.plist */ = {isa = PBXFileReference; lastKnownFileType = text.plist.xml; path = "MidTest-Info.plist"; sourceTree = "<group>"; };
		B6DDF09815AD4F2A00898103 /* en */ = {isa = PBXFileReference; lastKnownFileType = text.plist.strings; name = en; path = en.lproj/InfoPlist.strings; sourceTree = "<group>"; };
		B6DDF09A15AD4F2A00898103 /* main.m */ = {isa = PBXFileReference; lastKnownFileType = sourcecode.c.objc; path = main.m; sourceTree = "<group>"; };
		B6DDF09C15AD4F2A00898103 /* MidTest-Prefix.pch */ = {isa = PBXFileReference; lastKnownFileType = sourcecode.c.h; path = "MidTest-Prefix.pch"; sourceTree = "<group>"; };
		B6DDF09D15AD4F2A00898103 /* AppDelegate.h */ = {isa = PBXFileReference; lastKnownFileType = sourcecode.c.h; path = AppDelegate.h; sourceTree = "<group>"; };
		B6DDF09E15AD4F2A00898103 /* AppDelegate.m */ = {isa = PBXFileReference; lastKnownFileType = sourcecode.c.objc; path = AppDelegate.m; sourceTree = "<group>"; };
		B6DDF0A115AD4F2A00898103 /* en */ = {isa = PBXFileReference; lastKnownFileType = file.storyboard; name = en; path = en.lproj/MainStoryboard.storyboard; sourceTree = "<group>"; };
		B6DDF0A315AD4F2A00898103 /* ViewController.h */ = {isa = PBXFileReference; lastKnownFileType = sourcecode.c.h; path = ViewController.h; sourceTree = "<group>"; };
		B6DDF0A415AD4F2A00898103 /* ViewController.m */ = {isa = PBXFileReference; lastKnownFileType = sourcecode.c.objc; path = ViewController.m; sourceTree = "<group>"; };
		B6E077C215AEB9DB00A3E45A /* SyncTaskDescriptionList.h */ = {isa = PBXFileReference; fileEncoding = 4; lastKnownFileType = sourcecode.c.h; name = SyncTaskDescriptionList.h; path = Middleware/BasicDataType/SyncTaskDescriptionList.h; sourceTree = "<group>"; };
		B6E077C315AEB9DB00A3E45A /* SyncTaskDescriptionList.m */ = {isa = PBXFileReference; fileEncoding = 4; lastKnownFileType = sourcecode.c.objc; name = SyncTaskDescriptionList.m; path = Middleware/BasicDataType/SyncTaskDescriptionList.m; sourceTree = "<group>"; };
		B6F848FF15B652D0000D425E /* ClientSyncController.h */ = {isa = PBXFileReference; fileEncoding = 4; lastKnownFileType = sourcecode.c.h; name = ClientSyncController.h; path = Middleware/ClientSyncController.h; sourceTree = "<group>"; };
		B6F8490015B652D0000D425E /* ClientSyncController.m */ = {isa = PBXFileReference; fileEncoding = 4; lastKnownFileType = sourcecode.c.objc; name = ClientSyncController.m; path = Middleware/ClientSyncController.m; sourceTree = "<group>"; };
		B6F8490115B652D0000D425E /* DownwardDataTransmitter.h */ = {isa = PBXFileReference; fileEncoding = 4; lastKnownFileType = sourcecode.c.h; name = DownwardDataTransmitter.h; path = Middleware/DownwardDataTransmitter.h; sourceTree = "<group>"; };
		B6F8490215B652D0000D425E /* DownwardDataTransmitter.m */ = {isa = PBXFileReference; fileEncoding = 4; lastKnownFileType = sourcecode.c.objc; name = DownwardDataTransmitter.m; path = Middleware/DownwardDataTransmitter.m; sourceTree = "<group>"; };
		B6F8490315B652D0000D425E /* StateController.h */ = {isa = PBXFileReference; fileEncoding = 4; lastKnownFileType = sourcecode.c.h; name = StateController.h; path = Middleware/StateController.h; sourceTree = "<group>"; };
		B6F8490415B652D0000D425E /* StateController.m */ = {isa = PBXFileReference; fileEncoding = 4; lastKnownFileType = sourcecode.c.objc; name = StateController.m; path = Middleware/StateController.m; sourceTree = "<group>"; };
		B6F8490515B652D0000D425E /* TaskManager.h */ = {isa = PBXFileReference; fileEncoding = 4; lastKnownFileType = sourcecode.c.h; name = TaskManager.h; path = Middleware/TaskManager.h; sourceTree = "<group>"; };
		B6F8490615B652D0000D425E /* TaskManager.m */ = {isa = PBXFileReference; fileEncoding = 4; lastKnownFileType = sourcecode.c.objc; name = TaskManager.m; path = Middleware/TaskManager.m; sourceTree = "<group>"; };
		B6F8490715B652D0000D425E /* UpwardDataTransmitter.h */ = {isa = PBXFileReference; fileEncoding = 4; lastKnownFileType = sourcecode.c.h; name = UpwardDataTransmitter.h; path = Middleware/UpwardDataTransmitter.h; sourceTree = "<group>"; };
		B6F8490815B652D0000D425E /* UpwardDataTransmitter.m */ = {isa = PBXFileReference; fileEncoding = 4; lastKnownFileType = sourcecode.c.objc; name = UpwardDataTransmitter.m; path = Middleware/UpwardDataTransmitter.m; sourceTree = "<group>"; };
		B6F8491A15B68974000D425E /* Config.h */ = {isa = PBXFileReference; fileEncoding = 4; lastKnownFileType = sourcecode.c.h; name = Config.h; path = Middleware/Config.h; sourceTree = "<group>"; };
/* End PBXFileReference section */

/* Begin PBXFrameworksBuildPhase section */
		B6DDF08715AD4F2A00898103 /* Frameworks */ = {
			isa = PBXFrameworksBuildPhase;
			buildActionMask = 2147483647;
			files = (
				B6DDF08F15AD4F2A00898103 /* UIKit.framework in Frameworks */,
				B6DDF09115AD4F2A00898103 /* Foundation.framework in Frameworks */,
				B6DDF09315AD4F2A00898103 /* CoreGraphics.framework in Frameworks */,
			);
			runOnlyForDeploymentPostprocessing = 0;
		};
/* End PBXFrameworksBuildPhase section */

/* Begin PBXGroup section */
		B639B8FD15AEA1BD00B1BAC7 /* BasicDataType */ = {
			isa = PBXGroup;
			children = (
				B639B90515AEA6A700B1BAC7 /* SyncTaskDescription.h */,
				B639B90615AEA6A700B1BAC7 /* SyncTaskDescription.m */,
				B6E077C215AEB9DB00A3E45A /* SyncTaskDescriptionList.h */,
				B6E077C315AEB9DB00A3E45A /* SyncTaskDescriptionList.m */,
				B696EB6915B50124009C7D8E /* SyncSeekOrigin.h */,
				B696EB6A15B50124009C7D8E /* SyncSeekOrigin.m */,
				B696EB6C15B50281009C7D8E /* SyncStream.h */,
				B696EB6D15B50281009C7D8E /* SyncStream.m */,
				B696EB6F15B50DF6009C7D8E /* SyncFile.h */,
				B696EB7015B50DF7009C7D8E /* SyncFile.m */,
			);
			name = BasicDataType;
			sourceTree = "<group>";
		};
		B68E650415CF555F001B4138 /* GTMBase64 */ = {
			isa = PBXGroup;
			children = (
				B68E650515CF5764001B4138 /* GTMDefines.h */,
				B68E650615CF57A1001B4138 /* GTMBase64.h */,
				B68E650715CF57C0001B4138 /* GTMBase64.m */,
			);
			name = GTMBase64;
			sourceTree = "<group>";
		};
		B696EB6715B4F591009C7D8E /* Toolkit */ = {
			isa = PBXGroup;
			children = (
				B68E650415CF555F001B4138 /* GTMBase64 */,
				B6BB243C15B949F7002F560D /* SBJson */,
				B6BB23A915B8F3E7002F560D /* Toolkit.h */,
				B6BB23AA15B8F3E7002F560D /* Toolkit.m */,
				B6BB23AC15B8FAA3002F560D /* SyncFileKit.h */,
				B6BB23AD15B8FAA3002F560D /* SyncFileKit.m */,
			);
			name = Toolkit;
			sourceTree = "<group>";
		};
		B6BB243C15B949F7002F560D /* SBJson */ = {
			isa = PBXGroup;
			children = (
				B6BB243D15B949F7002F560D /* NSObject+SBJson.h */,
				B6BB243E15B949F7002F560D /* NSObject+SBJson.m */,
				B6BB243F15B949F7002F560D /* SBJson.h */,
				B6BB244015B949F7002F560D /* SBJsonParser.h */,
				B6BB244115B949F7002F560D /* SBJsonParser.m */,
				B6BB244215B949F7002F560D /* SBJsonStreamParser.h */,
				B6BB244315B949F7002F560D /* SBJsonStreamParser.m */,
				B6BB244415B949F7002F560D /* SBJsonStreamParserAccumulator.h */,
				B6BB244515B949F7002F560D /* SBJsonStreamParserAccumulator.m */,
				B6BB244615B949F7002F560D /* SBJsonStreamParserAdapter.h */,
				B6BB244715B949F7002F560D /* SBJsonStreamParserAdapter.m */,
				B6BB244815B949F7002F560D /* SBJsonStreamParserState.h */,
				B6BB244915B949F7002F560D /* SBJsonStreamParserState.m */,
				B6BB244A15B949F7002F560D /* SBJsonStreamWriter.h */,
				B6BB244B15B949F7002F560D /* SBJsonStreamWriter.m */,
				B6BB244C15B949F7002F560D /* SBJsonStreamWriterAccumulator.h */,
				B6BB244D15B949F7002F560D /* SBJsonStreamWriterAccumulator.m */,
				B6BB244E15B949F7002F560D /* SBJsonStreamWriterState.h */,
				B6BB244F15B949F7002F560D /* SBJsonStreamWriterState.m */,
				B6BB245015B949F7002F560D /* SBJsonTokeniser.h */,
				B6BB245115B949F7002F560D /* SBJsonTokeniser.m */,
				B6BB245215B949F7002F560D /* SBJsonUTF8Stream.h */,
				B6BB245315B949F7002F560D /* SBJsonUTF8Stream.m */,
				B6BB245415B949F7002F560D /* SBJsonWriter.h */,
				B6BB245515B949F7002F560D /* SBJsonWriter.m */,
			);
			name = SBJson;
			path = Middleware/Toolkit/SBJson;
			sourceTree = "<group>";
		};
		B6DDF07F15AD4F2A00898103 = {
			isa = PBXGroup;
			children = (
				B6DDF09415AD4F2A00898103 /* MidTest */,
				B6DDF08D15AD4F2A00898103 /* Frameworks */,
				B6DDF08B15AD4F2A00898103 /* Products */,
			);
			sourceTree = "<group>";
		};
		B6DDF08B15AD4F2A00898103 /* Products */ = {
			isa = PBXGroup;
			children = (
				B6DDF08A15AD4F2A00898103 /* MidTest.app */,
			);
			name = Products;
			sourceTree = "<group>";
		};
		B6DDF08D15AD4F2A00898103 /* Frameworks */ = {
			isa = PBXGroup;
			children = (
				B6DDF08E15AD4F2A00898103 /* UIKit.framework */,
				B6DDF09015AD4F2A00898103 /* Foundation.framework */,
				B6DDF09215AD4F2A00898103 /* CoreGraphics.framework */,
			);
			name = Frameworks;
			sourceTree = "<group>";
		};
		B6DDF09415AD4F2A00898103 /* MidTest */ = {
			isa = PBXGroup;
			children = (
				B6DDF0AB15AD4FC600898103 /* Middleware */,
				B6DDF09D15AD4F2A00898103 /* AppDelegate.h */,
				B6DDF09E15AD4F2A00898103 /* AppDelegate.m */,
				B6DDF0A015AD4F2A00898103 /* MainStoryboard.storyboard */,
				B6DDF0A315AD4F2A00898103 /* ViewController.h */,
				B6DDF0A415AD4F2A00898103 /* ViewController.m */,
				B6DDF09515AD4F2A00898103 /* Supporting Files */,
			);
			path = MidTest;
			sourceTree = "<group>";
		};
		B6DDF09515AD4F2A00898103 /* Supporting Files */ = {
			isa = PBXGroup;
			children = (
				B6DDF09615AD4F2A00898103 /* MidTest-Info.plist */,
				B6DDF09715AD4F2A00898103 /* InfoPlist.strings */,
				B6DDF09A15AD4F2A00898103 /* main.m */,
				B6DDF09C15AD4F2A00898103 /* MidTest-Prefix.pch */,
			);
			name = "Supporting Files";
			sourceTree = "<group>";
		};
		B6DDF0AB15AD4FC600898103 /* Middleware */ = {
			isa = PBXGroup;
			children = (
				B696EB6715B4F591009C7D8E /* Toolkit */,
				B639B8FD15AEA1BD00B1BAC7 /* BasicDataType */,
				B6F848FF15B652D0000D425E /* ClientSyncController.h */,
				B6F8490015B652D0000D425E /* ClientSyncController.m */,
				B6F8490715B652D0000D425E /* UpwardDataTransmitter.h */,
				B6F8490815B652D0000D425E /* UpwardDataTransmitter.m */,
				B6F8490115B652D0000D425E /* DownwardDataTransmitter.h */,
				B6F8490215B652D0000D425E /* DownwardDataTransmitter.m */,
				B6F8490315B652D0000D425E /* StateController.h */,
				B6F8490415B652D0000D425E /* StateController.m */,
				B6F8490515B652D0000D425E /* TaskManager.h */,
				B6F8490615B652D0000D425E /* TaskManager.m */,
				B6F8491A15B68974000D425E /* Config.h */,
				B6BB23A515B8F39E002F560D /* UpdateScheduler.h */,
				B6BB23A615B8F39E002F560D /* UpdateScheduler.m */,
			);
			name = Middleware;
			sourceTree = "<group>";
		};
/* End PBXGroup section */

/* Begin PBXNativeTarget section */
		B6DDF08915AD4F2A00898103 /* MidTest */ = {
			isa = PBXNativeTarget;
			buildConfigurationList = B6DDF0A815AD4F2A00898103 /* Build configuration list for PBXNativeTarget "MidTest" */;
			buildPhases = (
				B6DDF08615AD4F2A00898103 /* Sources */,
				B6DDF08715AD4F2A00898103 /* Frameworks */,
				B6DDF08815AD4F2A00898103 /* Resources */,
			);
			buildRules = (
			);
			dependencies = (
			);
			name = MidTest;
			productName = MidTest;
			productReference = B6DDF08A15AD4F2A00898103 /* MidTest.app */;
			productType = "com.apple.product-type.application";
		};
/* End PBXNativeTarget section */

/* Begin PBXProject section */
		B6DDF08115AD4F2A00898103 /* Project object */ = {
			isa = PBXProject;
			attributes = {
				LastUpgradeCheck = 0430;
			};
			buildConfigurationList = B6DDF08415AD4F2A00898103 /* Build configuration list for PBXProject "MidTest" */;
			compatibilityVersion = "Xcode 3.2";
			developmentRegion = English;
			hasScannedForEncodings = 0;
			knownRegions = (
				en,
			);
			mainGroup = B6DDF07F15AD4F2A00898103;
			productRefGroup = B6DDF08B15AD4F2A00898103 /* Products */;
			projectDirPath = "";
			projectRoot = "";
			targets = (
				B6DDF08915AD4F2A00898103 /* MidTest */,
				B69AE84115C0DD03006FB090 /* MidDoc */,
			);
		};
/* End PBXProject section */

/* Begin PBXResourcesBuildPhase section */
		B6DDF08815AD4F2A00898103 /* Resources */ = {
			isa = PBXResourcesBuildPhase;
			buildActionMask = 2147483647;
			files = (
				B6DDF09915AD4F2A00898103 /* InfoPlist.strings in Resources */,
				B6DDF0A215AD4F2A00898103 /* MainStoryboard.storyboard in Resources */,
			);
			runOnlyForDeploymentPostprocessing = 0;
		};
/* End PBXResourcesBuildPhase section */

/* Begin PBXShellScriptBuildPhase section */
		B69AE84615C0DD17006FB090 /* ShellScript */ = {
			isa = PBXShellScriptBuildPhase;
			buildActionMask = 2147483647;
			files = (
			);
			inputPaths = (
			);
			outputPaths = (
			);
			runOnlyForDeploymentPostprocessing = 0;
			shellPath = /bin/sh;
			shellScript = "# shell script goes here\n\nmkdir -p headerDoc\n\nfind ./MidTest/Middleware -name \\*.h -print | xargs headerdoc2html -o headerDoc\n\ngatherheaderdoc headerDoc\n\nexit 0";
		};
/* End PBXShellScriptBuildPhase section */

/* Begin PBXSourcesBuildPhase section */
		B6DDF08615AD4F2A00898103 /* Sources */ = {
			isa = PBXSourcesBuildPhase;
			buildActionMask = 2147483647;
			files = (
				B6DDF09B15AD4F2A00898103 /* main.m in Sources */,
				B6DDF09F15AD4F2A00898103 /* AppDelegate.m in Sources */,
				B6DDF0A515AD4F2A00898103 /* ViewController.m in Sources */,
				B639B90915AEA6A700B1BAC7 /* SyncTaskDescription.m in Sources */,
				B6E077C415AEB9DB00A3E45A /* SyncTaskDescriptionList.m in Sources */,
				B696EB6B15B50124009C7D8E /* SyncSeekOrigin.m in Sources */,
				B696EB6E15B50281009C7D8E /* SyncStream.m in Sources */,
				B696EB7115B50DF7009C7D8E /* SyncFile.m in Sources */,
				B6F8490915B652D0000D425E /* ClientSyncController.m in Sources */,
				B6F8490A15B652D0000D425E /* DownwardDataTransmitter.m in Sources */,
				B6F8490B15B652D0000D425E /* StateController.m in Sources */,
				B6F8490C15B652D0000D425E /* TaskManager.m in Sources */,
				B6F8490D15B652D0000D425E /* UpwardDataTransmitter.m in Sources */,
				B6BB23A715B8F39E002F560D /* UpdateScheduler.m in Sources */,
				B6BB23AB15B8F3E7002F560D /* Toolkit.m in Sources */,
				B6BB23AE15B8FAA3002F560D /* SyncFileKit.m in Sources */,
				B6BB245615B949F7002F560D /* NSObject+SBJson.m in Sources */,
				B6BB245715B949F7002F560D /* SBJsonParser.m in Sources */,
				B6BB245815B949F7002F560D /* SBJsonStreamParser.m in Sources */,
				B6BB245915B949F7002F560D /* SBJsonStreamParserAccumulator.m in Sources */,
				B6BB245A15B949F7002F560D /* SBJsonStreamParserAdapter.m in Sources */,
				B6BB245B15B949F7002F560D /* SBJsonStreamParserState.m in Sources */,
				B6BB245C15B949F7002F560D /* SBJsonStreamWriter.m in Sources */,
				B6BB245D15B949F7002F560D /* SBJsonStreamWriterAccumulator.m in Sources */,
				B6BB245E15B949F7002F560D /* SBJsonStreamWriterState.m in Sources */,
				B6BB245F15B949F7002F560D /* SBJsonTokeniser.m in Sources */,
				B6BB246015B949F7002F560D /* SBJsonUTF8Stream.m in Sources */,
				B6BB246115B949F7002F560D /* SBJsonWriter.m in Sources */,
				B68E650815CF57C0001B4138 /* GTMBase64.m in Sources */,
			);
			runOnlyForDeploymentPostprocessing = 0;
		};
/* End PBXSourcesBuildPhase section */

/* Begin PBXVariantGroup section */
		B6DDF09715AD4F2A00898103 /* InfoPlist.strings */ = {
			isa = PBXVariantGroup;
			children = (
				B6DDF09815AD4F2A00898103 /* en */,
			);
			name = InfoPlist.strings;
			sourceTree = "<group>";
		};
		B6DDF0A015AD4F2A00898103 /* MainStoryboard.storyboard */ = {
			isa = PBXVariantGroup;
			children = (
				B6DDF0A115AD4F2A00898103 /* en */,
			);
			name = MainStoryboard.storyboard;
			sourceTree = "<group>";
		};
/* End PBXVariantGroup section */

/* Begin XCBuildConfiguration section */
		B69AE84215C0DD03006FB090 /* Debug */ = {
			isa = XCBuildConfiguration;
			buildSettings = {
				PRODUCT_NAME = "$(TARGET_NAME)";
			};
			name = Debug;
		};
		B69AE84315C0DD03006FB090 /* Release */ = {
			isa = XCBuildConfiguration;
			buildSettings = {
				PRODUCT_NAME = "$(TARGET_NAME)";
			};
			name = Release;
		};
		B6DDF0A615AD4F2A00898103 /* Debug */ = {
			isa = XCBuildConfiguration;
			buildSettings = {
				ALWAYS_SEARCH_USER_PATHS = NO;
				ARCHS = "$(ARCHS_STANDARD_32_BIT)";
				CLANG_ENABLE_OBJC_ARC = YES;
				"CODE_SIGN_IDENTITY[sdk=iphoneos*]" = "iPhone Developer";
				COPY_PHASE_STRIP = NO;
				GCC_C_LANGUAGE_STANDARD = gnu99;
				GCC_DYNAMIC_NO_PIC = NO;
				GCC_OPTIMIZATION_LEVEL = 0;
				GCC_PREPROCESSOR_DEFINITIONS = (
					"DEBUG=1",
					"$(inherited)",
				);
				GCC_SYMBOLS_PRIVATE_EXTERN = NO;
				GCC_VERSION = com.apple.compilers.llvm.clang.1_0;
				GCC_WARN_ABOUT_RETURN_TYPE = YES;
				GCC_WARN_UNINITIALIZED_AUTOS = YES;
				GCC_WARN_UNUSED_VARIABLE = YES;
				IPHONEOS_DEPLOYMENT_TARGET = 5.0;
				SDKROOT = iphoneos;
			};
			name = Debug;
		};
		B6DDF0A715AD4F2A00898103 /* Release */ = {
			isa = XCBuildConfiguration;
			buildSettings = {
				ALWAYS_SEARCH_USER_PATHS = NO;
				ARCHS = "$(ARCHS_STANDARD_32_BIT)";
				CLANG_ENABLE_OBJC_ARC = YES;
				"CODE_SIGN_IDENTITY[sdk=iphoneos*]" = "iPhone Developer";
				COPY_PHASE_STRIP = YES;
				GCC_C_LANGUAGE_STANDARD = gnu99;
				GCC_VERSION = com.apple.compilers.llvm.clang.1_0;
				GCC_WARN_ABOUT_RETURN_TYPE = YES;
				GCC_WARN_UNINITIALIZED_AUTOS = YES;
				GCC_WARN_UNUSED_VARIABLE = YES;
				IPHONEOS_DEPLOYMENT_TARGET = 5.0;
				OTHER_CFLAGS = "-DNS_BLOCK_ASSERTIONS=1";
				SDKROOT = iphoneos;
				VALIDATE_PRODUCT = YES;
			};
			name = Release;
		};
		B6DDF0A915AD4F2A00898103 /* Debug */ = {
			isa = XCBuildConfiguration;
			buildSettings = {
				GCC_PRECOMPILE_PREFIX_HEADER = YES;
				GCC_PREFIX_HEADER = "MidTest/MidTest-Prefix.pch";
				INFOPLIST_FILE = "MidTest/MidTest-Info.plist";
				PRODUCT_NAME = "$(TARGET_NAME)";
				WRAPPER_EXTENSION = app;
			};
			name = Debug;
		};
		B6DDF0AA15AD4F2A00898103 /* Release */ = {
			isa = XCBuildConfiguration;
			buildSettings = {
				GCC_PRECOMPILE_PREFIX_HEADER = YES;
				GCC_PREFIX_HEADER = "MidTest/MidTest-Prefix.pch";
				INFOPLIST_FILE = "MidTest/MidTest-Info.plist";
				PRODUCT_NAME = "$(TARGET_NAME)";
				WRAPPER_EXTENSION = app;
			};
			name = Release;
		};
/* End XCBuildConfiguration section */

/* Begin XCConfigurationList section */
		B69AE84415C0DD03006FB090 /* Build configuration list for PBXAggregateTarget "MidDoc" */ = {
			isa = XCConfigurationList;
			buildConfigurations = (
				B69AE84215C0DD03006FB090 /* Debug */,
				B69AE84315C0DD03006FB090 /* Release */,
			);
			defaultConfigurationIsVisible = 0;
			defaultConfigurationName = Release;
		};
		B6DDF08415AD4F2A00898103 /* Build configuration list for PBXProject "MidTest" */ = {
			isa = XCConfigurationList;
			buildConfigurations = (
				B6DDF0A615AD4F2A00898103 /* Debug */,
				B6DDF0A715AD4F2A00898103 /* Release */,
			);
			defaultConfigurationIsVisible = 0;
			defaultConfigurationName = Release;
		};
		B6DDF0A815AD4F2A00898103 /* Build configuration list for PBXNativeTarget "MidTest" */ = {
			isa = XCConfigurationList;
			buildConfigurations = (
				B6DDF0A915AD4F2A00898103 /* Debug */,
				B6DDF0AA15AD4F2A00898103 /* Release */,
			);
			defaultConfigurationIsVisible = 0;
			defaultConfigurationName = Release;
		};
/* End XCConfigurationList section */
	};
	rootObject = B6DDF08115AD4F2A00898103 /* Project object */;
}
